github.com/google/go-querystring v1.0.0 h1:Xkwi/a1rcvNg1PPYe5vI8GbeBY/jrVuDX5ASuANWTrk=
github.com/google/go-querystring v1.0.0/go.mod h1:odCYkC5MyYFN7vkCjXpyrEuKhc/BUO6wN/zVPAxq5ck=
github.com/harrybrwn/errs v0.0.2-0.20200523142445-e4279967174e h1:RtaB1O5oXuA5jbz3TprWGk3KcfsaS5pkBnanTARjXSI=
github.com/harrybrwn/errs v0.0.2-0.20200523142445-e4279967174e/go.mod h1:xekiTrup1h5u3YF9bpJT7qD1cmgYBA8qN9iHd/h/sho=
github.com/matryer/is v1.3.0 h1:9qiso3jaJrOe6qBRJRBt2Ldht05qDiFP9le0JOIhRSI=
github.com/matryer/is v1.3.0/go.mod h1:2fLPjFQM9rhQ15aVEtbuwhJinnOqrmgXPNdZsdwlWXA=
